
Microsoft Visual Studio Solution File, Format Version 12.00
# Visual Studio Version 17
VisualStudioVersion = 17.9.34728.123
MinimumVisualStudioVersion = 10.0.40219.1
Project("{8BC9CEB8-8B4A-11D0-8D11-00A0C91BC942}") = "Core", "Core.vcxproj", "{4068DA6A-66E9-48D9-B488-144C024E2439}"
EndProject
Project("{911E67C6-3D85-4FCE-B560-20A9C3E3FF48}") = "viewer", "..\Viewer\run_tree\viewer.exe", "{72D3B058-1646-45CC-9FF2-B7443A75B3A1}"
	ProjectSection(DebuggerProjectSystem) = preProject
		PortSupplier = 00000000-0000-0000-0000-000000000000
		Executable = C:\source\Thesis\Code\Viewer\run_tree\viewer.exe
		RemoteMachine = DESKTOP-VICTOR
		StartingDirectory = C:\source\Thesis\Code
		Environment = Default
		LaunchingEngine = 00000000-0000-0000-0000-000000000000
		UseLegacyDebugEngines = No
		LaunchSQLEngine = No
		AttachLaunchAction = No
		IORedirection = Auto
	EndProjectSection
EndProject
Global
	GlobalSection(SolutionConfigurationPlatforms) = preSolution
		Debug|x64 = Debug|x64
		Debug|x86 = Debug|x86
		DebugDll|x64 = DebugDll|x64
		DebugDll|x86 = DebugDll|x86
		Release|x64 = Release|x64
		Release|x86 = Release|x86
		ReleaseDll|x64 = ReleaseDll|x64
		ReleaseDll|x86 = ReleaseDll|x86
		ShipDll|x64 = ShipDll|x64
		ShipDll|x86 = ShipDll|x86
	EndGlobalSection
	GlobalSection(ProjectConfigurationPlatforms) = postSolution
		{4068DA6A-66E9-48D9-B488-144C024E2439}.Debug|x64.ActiveCfg = Debug|x64
		{4068DA6A-66E9-48D9-B488-144C024E2439}.Debug|x64.Build.0 = Debug|x64
		{4068DA6A-66E9-48D9-B488-144C024E2439}.Debug|x86.ActiveCfg = Debug|Win32
		{4068DA6A-66E9-48D9-B488-144C024E2439}.Debug|x86.Build.0 = Debug|Win32
		{4068DA6A-66E9-48D9-B488-144C024E2439}.DebugDll|x64.ActiveCfg = DebugDll|x64
		{4068DA6A-66E9-48D9-B488-144C024E2439}.DebugDll|x64.Build.0 = DebugDll|x64
		{4068DA6A-66E9-48D9-B488-144C024E2439}.DebugDll|x86.ActiveCfg = DebugDll|Win32
		{4068DA6A-66E9-48D9-B488-144C024E2439}.DebugDll|x86.Build.0 = DebugDll|Win32
		{4068DA6A-66E9-48D9-B488-144C024E2439}.Release|x64.ActiveCfg = Release|x64
		{4068DA6A-66E9-48D9-B488-144C024E2439}.Release|x64.Build.0 = Release|x64
		{4068DA6A-66E9-48D9-B488-144C024E2439}.Release|x86.ActiveCfg = Release|Win32
		{4068DA6A-66E9-48D9-B488-144C024E2439}.Release|x86.Build.0 = Release|Win32
		{4068DA6A-66E9-48D9-B488-144C024E2439}.ReleaseDll|x64.ActiveCfg = ReleaseDll|x64
		{4068DA6A-66E9-48D9-B488-144C024E2439}.ReleaseDll|x64.Build.0 = ReleaseDll|x64
		{4068DA6A-66E9-48D9-B488-144C024E2439}.ReleaseDll|x86.ActiveCfg = ReleaseDll|Win32
		{4068DA6A-66E9-48D9-B488-144C024E2439}.ReleaseDll|x86.Build.0 = ReleaseDll|Win32
		{4068DA6A-66E9-48D9-B488-144C024E2439}.ShipDll|x64.ActiveCfg = ShipDll|x64
		{4068DA6A-66E9-48D9-B488-144C024E2439}.ShipDll|x64.Build.0 = ShipDll|x64
		{4068DA6A-66E9-48D9-B488-144C024E2439}.ShipDll|x86.ActiveCfg = ShipDll|Win32
		{4068DA6A-66E9-48D9-B488-144C024E2439}.ShipDll|x86.Build.0 = ShipDll|Win32
		{72D3B058-1646-45CC-9FF2-B7443A75B3A1}.Debug|x64.ActiveCfg = Release|x64
		{72D3B058-1646-45CC-9FF2-B7443A75B3A1}.Debug|x86.ActiveCfg = Release|x64
		{72D3B058-1646-45CC-9FF2-B7443A75B3A1}.DebugDll|x64.ActiveCfg = Release|x64
		{72D3B058-1646-45CC-9FF2-B7443A75B3A1}.DebugDll|x86.ActiveCfg = Release|x64
		{72D3B058-1646-45CC-9FF2-B7443A75B3A1}.Release|x64.ActiveCfg = Release|x64
		{72D3B058-1646-45CC-9FF2-B7443A75B3A1}.Release|x86.ActiveCfg = Release|x64
		{72D3B058-1646-45CC-9FF2-B7443A75B3A1}.ReleaseDll|x64.ActiveCfg = Release|x64
		{72D3B058-1646-45CC-9FF2-B7443A75B3A1}.ReleaseDll|x86.ActiveCfg = Release|x64
		{72D3B058-1646-45CC-9FF2-B7443A75B3A1}.ShipDll|x64.ActiveCfg = Release|x64
		{72D3B058-1646-45CC-9FF2-B7443A75B3A1}.ShipDll|x86.ActiveCfg = Release|x64
	EndGlobalSection
	GlobalSection(SolutionProperties) = preSolution
		HideSolutionNode = FALSE
	EndGlobalSection
	GlobalSection(ExtensibilityGlobals) = postSolution
		SolutionGuid = {838AD8C8-3810-4459-8F76-6AAA9E2967DC}
	EndGlobalSection
EndGlobal
