<?xml version="1.0" encoding="utf-8"?>
<Project ToolsVersion="4.0" xmlns="http://schemas.microsoft.com/developer/msbuild/2003">
  <ItemGroup>
    <Filter Include="Source Files">
      <UniqueIdentifier>{4FC737F1-C7A5-4376-A066-2A32D752A2FF}</UniqueIdentifier>
      <Extensions>cpp;c;cc;cxx;c++;cppm;ixx;def;odl;idl;hpj;bat;asm;asmx</Extensions>
    </Filter>
    <Filter Include="Header Files">
      <UniqueIdentifier>{93995380-89BD-4b04-88EB-625FBE52EBFB}</UniqueIdentifier>
      <Extensions>h;hh;hpp;hxx;h++;hm;inl;inc;ipp;xsd</Extensions>
    </Filter>
    <Filter Include="Resource Files">
      <UniqueIdentifier>{67DA6AB6-F800-4c08-8B7A-83BB121AAD01}</UniqueIdentifier>
      <Extensions>rc;ico;cur;bmp;dlg;rc2;rct;bin;rgs;gif;jpg;jpeg;jpe;resx;tiff;tif;png;wav;mfcribbon-ms</Extensions>
    </Filter>
    <Filter Include="Foundation">
      <UniqueIdentifier>{ef7905ec-3b9f-4ec2-a881-20dfdd42f7bc}</UniqueIdentifier>
    </Filter>
  </ItemGroup>
  <ItemGroup>
    <ClCompile Include="src\core.cpp">
      <Filter>Source Files</Filter>
    </ClCompile>
    <ClCompile Include="..\Foundation\src\fileio.cpp">
      <Filter>Foundation</Filter>
    </ClCompile>
    <ClCompile Include="..\Foundation\src\foundation.cpp">
      <Filter>Foundation</Filter>
    </ClCompile>
    <ClCompile Include="..\Foundation\src\memutils.cpp">
      <Filter>Foundation</Filter>
    </ClCompile>
    <ClCompile Include="..\Foundation\src\strings.cpp">
      <Filter>Foundation</Filter>
    </ClCompile>
    <ClCompile Include="..\Foundation\src\win32_specific.cpp">
      <Filter>Foundation</Filter>
    </ClCompile>
    <ClCompile Include="src\tests.cpp">
      <Filter>Source Files</Filter>
    </ClCompile>
    <ClCompile Include="..\Foundation\src\timing.cpp">
      <Filter>Foundation</Filter>
    </ClCompile>
    <ClCompile Include="bindings\bindings.cpp">
      <Filter>Source Files</Filter>
    </ClCompile>
    <ClCompile Include="..\Foundation\src\random.cpp">
      <Filter>Foundation</Filter>
    </ClCompile>
  </ItemGroup>
  <ItemGroup>
    <ClInclude Include="..\Foundation\src\fileio.h">
      <Filter>Foundation</Filter>
    </ClInclude>
    <ClInclude Include="..\Foundation\src\foundation.h">
      <Filter>Foundation</Filter>
    </ClInclude>
    <ClInclude Include="..\Foundation\src\memutils.h">
      <Filter>Foundation</Filter>
    </ClInclude>
    <ClInclude Include="..\Foundation\src\os_specific.h">
      <Filter>Foundation</Filter>
    </ClInclude>
    <ClInclude Include="..\Foundation\src\strings.h">
      <Filter>Foundation</Filter>
    </ClInclude>
    <ClInclude Include="..\Foundation\src\math\math.h">
      <Filter>Foundation</Filter>
    </ClInclude>
    <ClInclude Include="..\Foundation\src\math\v2.h">
      <Filter>Foundation</Filter>
    </ClInclude>
    <ClInclude Include="..\Foundation\src\math\v3.h">
      <Filter>Foundation</Filter>
    </ClInclude>
    <ClInclude Include="..\Foundation\src\math\v4.h">
      <Filter>Foundation</Filter>
    </ClInclude>
    <ClInclude Include="..\Foundation\src\timing.h">
      <Filter>Foundation</Filter>
    </ClInclude>
    <ClInclude Include="bindings\bindings.h">
      <Filter>Header Files</Filter>
    </ClInclude>
    <ClInclude Include="src\core.h">
      <Filter>Header Files</Filter>
    </ClInclude>
    <ClInclude Include="..\Foundation\src\random.h">
      <Filter>Foundation</Filter>
    </ClInclude>
  </ItemGroup>
</Project>